<?xml version="1.0" encoding="utf-8"?>
<Project ToolsVersion="4.0" xmlns="http://schemas.microsoft.com/developer/msbuild/2003">
  <ItemGroup>
    <Filter Include="Arrays">
      <UniqueIdentifier>{d2255139-8808-40fc-9382-92f9a46cc44f}</UniqueIdentifier>
    </Filter>
    <Filter Include="ArraysADT">
      <UniqueIdentifier>{6e4ed1a5-b3db-4ee6-b8f9-758f8976dc7a}</UniqueIdentifier>
    </Filter>
  </ItemGroup>
  <ItemGroup>
    <ClCompile Include="array_declarations.c">
      <Filter>Arrays</Filter>
    </ClCompile>
    <ClCompile Include="static_vs_dynamic_array.c">
      <Filter>Arrays</Filter>
    </ClCompile>
    <ClCompile Include="2d_arrays.cpp">
      <Filter>Arrays</Filter>
    </ClCompile>
    <ClCompile Include="array.cpp">
      <Filter>ArraysADT</Filter>
    </ClCompile>
    <ClCompile Include="array_class_version.cpp">
      <Filter>ArraysADT</Filter>
    </ClCompile>
  </ItemGroup>
</Project>