
Microsoft Visual Studio Solution File, Format Version 12.00
# Visual Studio Version 17
VisualStudioVersion = 17.1.32414.318
MinimumVisualStudioVersion = 10.0.40219.1
Project("{2150E333-8FDC-42A3-9474-1A3956D46DE8}") = "Solution Items", "Solution Items", "{D6D89C47-1EBC-48CD-884C-8F723C480FD4}"
	ProjectSection(SolutionItems) = preProject
		README.md = README.md
		todo.md = todo.md
	EndProjectSection
EndProject
Project("{8BC9CEB8-8B4A-11D0-8D11-00A0C91BC942}") = "helpers", "helpers\helpers.vcxproj", "{4E32733C-B35C-46FB-A799-9F2B0099E9F0}"
EndProject
Project("{2150E333-8FDC-42A3-9474-1A3956D46DE8}") = "Datastructures", "Datastructures", "{F7158D77-A734-4D23-B3EB-B9546EFE1AB8}"
EndProject
Project("{8BC9CEB8-8B4A-11D0-8D11-00A0C91BC942}") = "arrays", "data_structures\arrays\arrays.vcxproj", "{2DFF65FA-9DC2-4D94-969E-38FF1058E11C}"
EndProject
Project("{8BC9CEB8-8B4A-11D0-8D11-00A0C91BC942}") = "binary_search_tree", "data_structures\binary_search_tree\binary_search_tree.vcxproj", "{10D07CF3-1C87-4048-9FBF-BFEB4FC146DF}"
EndProject
Project("{8BC9CEB8-8B4A-11D0-8D11-00A0C91BC942}") = "graphs", "data_structures\graphs\graphs.vcxproj", "{0246EB0C-C269-4563-B2B3-FE19D28AE1B9}"
EndProject
Project("{8BC9CEB8-8B4A-11D0-8D11-00A0C91BC942}") = "hashmap", "data_structures\hashmap\hashmap.vcxproj", "{7254BCC6-EB7D-4C97-A653-25D4714849CF}"
EndProject
Project("{8BC9CEB8-8B4A-11D0-8D11-00A0C91BC942}") = "heap", "data_structures\heap\heap.vcxproj", "{DC8AE0A5-06B1-41BD-A5E2-90A775F0C4D6}"
EndProject
Project("{8BC9CEB8-8B4A-11D0-8D11-00A0C91BC942}") = "linked_list", "data_structures\linked_list\linked_list.vcxproj", "{7F8C7A61-1921-443E-9017-19DBB63D8813}"
EndProject
Project("{8BC9CEB8-8B4A-11D0-8D11-00A0C91BC942}") = "matrices", "data_structures\matrices\matrices.vcxproj", "{27F6B5CA-D0AB-413E-BB17-6CE4BEB49E53}"
EndProject
Project("{8BC9CEB8-8B4A-11D0-8D11-00A0C91BC942}") = "polynomials", "data_structures\polynomials\polynomials.vcxproj", "{EBA6CBC9-014A-466C-A16A-8E350D570A25}"
EndProject
Project("{8BC9CEB8-8B4A-11D0-8D11-00A0C91BC942}") = "queue", "data_structures\queue\queue.vcxproj", "{6FAB96F7-6AF5-4FF5-AE28-FB7258C69E57}"
EndProject
Project("{8BC9CEB8-8B4A-11D0-8D11-00A0C91BC942}") = "stack", "data_structures\stack\stack.vcxproj", "{5E02AC14-59D1-4700-A8E0-9058B84E75FE}"
EndProject
Project("{8BC9CEB8-8B4A-11D0-8D11-00A0C91BC942}") = "strings", "data_structures\strings\strings.vcxproj", "{5559FB16-601B-4290-8B11-8C44F04CB985}"
EndProject
Project("{8BC9CEB8-8B4A-11D0-8D11-00A0C91BC942}") = "trees", "data_structures\trees\trees.vcxproj", "{DE694C83-86EB-4378-973F-26FBAD25ACF2}"
EndProject
Project("{2150E333-8FDC-42A3-9474-1A3956D46DE8}") = "Algorithms", "Algorithms", "{91FE7D3C-D7B4-42BA-9BED-353CC52FA84F}"
EndProject
Project("{8BC9CEB8-8B4A-11D0-8D11-00A0C91BC942}") = "sorting_algorithms", "algorithms\sorting_algorithms\sorting_algorithms.vcxproj", "{817D230A-A43C-43D1-8411-FE5FBCAD16BA}"
EndProject
Project("{8BC9CEB8-8B4A-11D0-8D11-00A0C91BC942}") = "recursion", "recursion\recursion.vcxproj", "{6571C966-4104-499F-8E47-E978953192DA}"
EndProject
Global
	GlobalSection(SolutionConfigurationPlatforms) = preSolution
		Debug|x64 = Debug|x64
		Debug|x86 = Debug|x86
		Release|x64 = Release|x64
		Release|x86 = Release|x86
	EndGlobalSection
	GlobalSection(ProjectConfigurationPlatforms) = postSolution
		{4E32733C-B35C-46FB-A799-9F2B0099E9F0}.Debug|x64.ActiveCfg = Debug|x64
		{4E32733C-B35C-46FB-A799-9F2B0099E9F0}.Debug|x64.Build.0 = Debug|x64
		{4E32733C-B35C-46FB-A799-9F2B0099E9F0}.Debug|x86.ActiveCfg = Debug|Win32
		{4E32733C-B35C-46FB-A799-9F2B0099E9F0}.Debug|x86.Build.0 = Debug|Win32
		{4E32733C-B35C-46FB-A799-9F2B0099E9F0}.Release|x64.ActiveCfg = Release|x64
		{4E32733C-B35C-46FB-A799-9F2B0099E9F0}.Release|x64.Build.0 = Release|x64
		{4E32733C-B35C-46FB-A799-9F2B0099E9F0}.Release|x86.ActiveCfg = Release|Win32
		{4E32733C-B35C-46FB-A799-9F2B0099E9F0}.Release|x86.Build.0 = Release|Win32
		{2DFF65FA-9DC2-4D94-969E-38FF1058E11C}.Debug|x64.ActiveCfg = Debug|x64
		{2DFF65FA-9DC2-4D94-969E-38FF1058E11C}.Debug|x64.Build.0 = Debug|x64
		{2DFF65FA-9DC2-4D94-969E-38FF1058E11C}.Debug|x86.ActiveCfg = Debug|Win32
		{2DFF65FA-9DC2-4D94-969E-38FF1058E11C}.Debug|x86.Build.0 = Debug|Win32
		{2DFF65FA-9DC2-4D94-969E-38FF1058E11C}.Release|x64.ActiveCfg = Release|x64
		{2DFF65FA-9DC2-4D94-969E-38FF1058E11C}.Release|x64.Build.0 = Release|x64
		{2DFF65FA-9DC2-4D94-969E-38FF1058E11C}.Release|x86.ActiveCfg = Release|Win32
		{2DFF65FA-9DC2-4D94-969E-38FF1058E11C}.Release|x86.Build.0 = Release|Win32
		{10D07CF3-1C87-4048-9FBF-BFEB4FC146DF}.Debug|x64.ActiveCfg = Debug|x64
		{10D07CF3-1C87-4048-9FBF-BFEB4FC146DF}.Debug|x64.Build.0 = Debug|x64
		{10D07CF3-1C87-4048-9FBF-BFEB4FC146DF}.Debug|x86.ActiveCfg = Debug|Win32
		{10D07CF3-1C87-4048-9FBF-BFEB4FC146DF}.Debug|x86.Build.0 = Debug|Win32
		{10D07CF3-1C87-4048-9FBF-BFEB4FC146DF}.Release|x64.ActiveCfg = Release|x64
		{10D07CF3-1C87-4048-9FBF-BFEB4FC146DF}.Release|x64.Build.0 = Release|x64
		{10D07CF3-1C87-4048-9FBF-BFEB4FC146DF}.Release|x86.ActiveCfg = Release|Win32
		{10D07CF3-1C87-4048-9FBF-BFEB4FC146DF}.Release|x86.Build.0 = Release|Win32
		{0246EB0C-C269-4563-B2B3-FE19D28AE1B9}.Debug|x64.ActiveCfg = Debug|x64
		{0246EB0C-C269-4563-B2B3-FE19D28AE1B9}.Debug|x64.Build.0 = Debug|x64
		{0246EB0C-C269-4563-B2B3-FE19D28AE1B9}.Debug|x86.ActiveCfg = Debug|Win32
		{0246EB0C-C269-4563-B2B3-FE19D28AE1B9}.Debug|x86.Build.0 = Debug|Win32
		{0246EB0C-C269-4563-B2B3-FE19D28AE1B9}.Release|x64.ActiveCfg = Release|x64
		{0246EB0C-C269-4563-B2B3-FE19D28AE1B9}.Release|x64.Build.0 = Release|x64
		{0246EB0C-C269-4563-B2B3-FE19D28AE1B9}.Release|x86.ActiveCfg = Release|Win32
		{0246EB0C-C269-4563-B2B3-FE19D28AE1B9}.Release|x86.Build.0 = Release|Win32
		{7254BCC6-EB7D-4C97-A653-25D4714849CF}.Debug|x64.ActiveCfg = Debug|x64
		{7254BCC6-EB7D-4C97-A653-25D4714849CF}.Debug|x64.Build.0 = Debug|x64
		{7254BCC6-EB7D-4C97-A653-25D4714849CF}.Debug|x86.ActiveCfg = Debug|Win32
		{7254BCC6-EB7D-4C97-A653-25D4714849CF}.Debug|x86.Build.0 = Debug|Win32
		{7254BCC6-EB7D-4C97-A653-25D4714849CF}.Release|x64.ActiveCfg = Release|x64
		{7254BCC6-EB7D-4C97-A653-25D4714849CF}.Release|x64.Build.0 = Release|x64
		{7254BCC6-EB7D-4C97-A653-25D4714849CF}.Release|x86.ActiveCfg = Release|Win32
		{7254BCC6-EB7D-4C97-A653-25D4714849CF}.Release|x86.Build.0 = Release|Win32
		{DC8AE0A5-06B1-41BD-A5E2-90A775F0C4D6}.Debug|x64.ActiveCfg = Debug|x64
		{DC8AE0A5-06B1-41BD-A5E2-90A775F0C4D6}.Debug|x64.Build.0 = Debug|x64
		{DC8AE0A5-06B1-41BD-A5E2-90A775F0C4D6}.Debug|x86.ActiveCfg = Debug|Win32
		{DC8AE0A5-06B1-41BD-A5E2-90A775F0C4D6}.Debug|x86.Build.0 = Debug|Win32
		{DC8AE0A5-06B1-41BD-A5E2-90A775F0C4D6}.Release|x64.ActiveCfg = Release|x64
		{DC8AE0A5-06B1-41BD-A5E2-90A775F0C4D6}.Release|x64.Build.0 = Release|x64
		{DC8AE0A5-06B1-41BD-A5E2-90A775F0C4D6}.Release|x86.ActiveCfg = Release|Win32
		{DC8AE0A5-06B1-41BD-A5E2-90A775F0C4D6}.Release|x86.Build.0 = Release|Win32
		{7F8C7A61-1921-443E-9017-19DBB63D8813}.Debug|x64.ActiveCfg = Debug|x64
		{7F8C7A61-1921-443E-9017-19DBB63D8813}.Debug|x64.Build.0 = Debug|x64
		{7F8C7A61-1921-443E-9017-19DBB63D8813}.Debug|x86.ActiveCfg = Debug|Win32
		{7F8C7A61-1921-443E-9017-19DBB63D8813}.Debug|x86.Build.0 = Debug|Win32
		{7F8C7A61-1921-443E-9017-19DBB63D8813}.Release|x64.ActiveCfg = Release|x64
		{7F8C7A61-1921-443E-9017-19DBB63D8813}.Release|x64.Build.0 = Release|x64
		{7F8C7A61-1921-443E-9017-19DBB63D8813}.Release|x86.ActiveCfg = Release|Win32
		{7F8C7A61-1921-443E-9017-19DBB63D8813}.Release|x86.Build.0 = Release|Win32
		{27F6B5CA-D0AB-413E-BB17-6CE4BEB49E53}.Debug|x64.ActiveCfg = Debug|x64
		{27F6B5CA-D0AB-413E-BB17-6CE4BEB49E53}.Debug|x64.Build.0 = Debug|x64
		{27F6B5CA-D0AB-413E-BB17-6CE4BEB49E53}.Debug|x86.ActiveCfg = Debug|Win32
		{27F6B5CA-D0AB-413E-BB17-6CE4BEB49E53}.Debug|x86.Build.0 = Debug|Win32
		{27F6B5CA-D0AB-413E-BB17-6CE4BEB49E53}.Release|x64.ActiveCfg = Release|x64
		{27F6B5CA-D0AB-413E-BB17-6CE4BEB49E53}.Release|x64.Build.0 = Release|x64
		{27F6B5CA-D0AB-413E-BB17-6CE4BEB49E53}.Release|x86.ActiveCfg = Release|Win32
		{27F6B5CA-D0AB-413E-BB17-6CE4BEB49E53}.Release|x86.Build.0 = Release|Win32
		{EBA6CBC9-014A-466C-A16A-8E350D570A25}.Debug|x64.ActiveCfg = Debug|x64
		{EBA6CBC9-014A-466C-A16A-8E350D570A25}.Debug|x64.Build.0 = Debug|x64
		{EBA6CBC9-014A-466C-A16A-8E350D570A25}.Debug|x86.ActiveCfg = Debug|Win32
		{EBA6CBC9-014A-466C-A16A-8E350D570A25}.Debug|x86.Build.0 = Debug|Win32
		{EBA6CBC9-014A-466C-A16A-8E350D570A25}.Release|x64.ActiveCfg = Release|x64
		{EBA6CBC9-014A-466C-A16A-8E350D570A25}.Release|x64.Build.0 = Release|x64
		{EBA6CBC9-014A-466C-A16A-8E350D570A25}.Release|x86.ActiveCfg = Release|Win32
		{EBA6CBC9-014A-466C-A16A-8E350D570A25}.Release|x86.Build.0 = Release|Win32
		{6FAB96F7-6AF5-4FF5-AE28-FB7258C69E57}.Debug|x64.ActiveCfg = Debug|x64
		{6FAB96F7-6AF5-4FF5-AE28-FB7258C69E57}.Debug|x64.Build.0 = Debug|x64
		{6FAB96F7-6AF5-4FF5-AE28-FB7258C69E57}.Debug|x86.ActiveCfg = Debug|Win32
		{6FAB96F7-6AF5-4FF5-AE28-FB7258C69E57}.Debug|x86.Build.0 = Debug|Win32
		{6FAB96F7-6AF5-4FF5-AE28-FB7258C69E57}.Release|x64.ActiveCfg = Release|x64
		{6FAB96F7-6AF5-4FF5-AE28-FB7258C69E57}.Release|x64.Build.0 = Release|x64
		{6FAB96F7-6AF5-4FF5-AE28-FB7258C69E57}.Release|x86.ActiveCfg = Release|Win32
		{6FAB96F7-6AF5-4FF5-AE28-FB7258C69E57}.Release|x86.Build.0 = Release|Win32
		{5E02AC14-59D1-4700-A8E0-9058B84E75FE}.Debug|x64.ActiveCfg = Debug|x64
		{5E02AC14-59D1-4700-A8E0-9058B84E75FE}.Debug|x64.Build.0 = Debug|x64
		{5E02AC14-59D1-4700-A8E0-9058B84E75FE}.Debug|x86.ActiveCfg = Debug|Win32
		{5E02AC14-59D1-4700-A8E0-9058B84E75FE}.Debug|x86.Build.0 = Debug|Win32
		{5E02AC14-59D1-4700-A8E0-9058B84E75FE}.Release|x64.ActiveCfg = Release|x64
		{5E02AC14-59D1-4700-A8E0-9058B84E75FE}.Release|x64.Build.0 = Release|x64
		{5E02AC14-59D1-4700-A8E0-9058B84E75FE}.Release|x86.ActiveCfg = Release|Win32
		{5E02AC14-59D1-4700-A8E0-9058B84E75FE}.Release|x86.Build.0 = Release|Win32
		{5559FB16-601B-4290-8B11-8C44F04CB985}.Debug|x64.ActiveCfg = Debug|x64
		{5559FB16-601B-4290-8B11-8C44F04CB985}.Debug|x64.Build.0 = Debug|x64
		{5559FB16-601B-4290-8B11-8C44F04CB985}.Debug|x86.ActiveCfg = Debug|Win32
		{5559FB16-601B-4290-8B11-8C44F04CB985}.Debug|x86.Build.0 = Debug|Win32
		{5559FB16-601B-4290-8B11-8C44F04CB985}.Release|x64.ActiveCfg = Release|x64
		{5559FB16-601B-4290-8B11-8C44F04CB985}.Release|x64.Build.0 = Release|x64
		{5559FB16-601B-4290-8B11-8C44F04CB985}.Release|x86.ActiveCfg = Release|Win32
		{5559FB16-601B-4290-8B11-8C44F04CB985}.Release|x86.Build.0 = Release|Win32
		{DE694C83-86EB-4378-973F-26FBAD25ACF2}.Debug|x64.ActiveCfg = Debug|x64
		{DE694C83-86EB-4378-973F-26FBAD25ACF2}.Debug|x64.Build.0 = Debug|x64
		{DE694C83-86EB-4378-973F-26FBAD25ACF2}.Debug|x86.ActiveCfg = Debug|Win32
		{DE694C83-86EB-4378-973F-26FBAD25ACF2}.Debug|x86.Build.0 = Debug|Win32
		{DE694C83-86EB-4378-973F-26FBAD25ACF2}.Release|x64.ActiveCfg = Release|x64
		{DE694C83-86EB-4378-973F-26FBAD25ACF2}.Release|x64.Build.0 = Release|x64
		{DE694C83-86EB-4378-973F-26FBAD25ACF2}.Release|x86.ActiveCfg = Release|Win32
		{DE694C83-86EB-4378-973F-26FBAD25ACF2}.Release|x86.Build.0 = Release|Win32
		{817D230A-A43C-43D1-8411-FE5FBCAD16BA}.Debug|x64.ActiveCfg = Debug|x64
		{817D230A-A43C-43D1-8411-FE5FBCAD16BA}.Debug|x64.Build.0 = Debug|x64
		{817D230A-A43C-43D1-8411-FE5FBCAD16BA}.Debug|x86.ActiveCfg = Debug|Win32
		{817D230A-A43C-43D1-8411-FE5FBCAD16BA}.Debug|x86.Build.0 = Debug|Win32
		{817D230A-A43C-43D1-8411-FE5FBCAD16BA}.Release|x64.ActiveCfg = Release|x64
		{817D230A-A43C-43D1-8411-FE5FBCAD16BA}.Release|x64.Build.0 = Release|x64
		{817D230A-A43C-43D1-8411-FE5FBCAD16BA}.Release|x86.ActiveCfg = Release|Win32
		{817D230A-A43C-43D1-8411-FE5FBCAD16BA}.Release|x86.Build.0 = Release|Win32
		{6571C966-4104-499F-8E47-E978953192DA}.Debug|x64.ActiveCfg = Debug|x64
		{6571C966-4104-499F-8E47-E978953192DA}.Debug|x64.Build.0 = Debug|x64
		{6571C966-4104-499F-8E47-E978953192DA}.Debug|x86.ActiveCfg = Debug|Win32
		{6571C966-4104-499F-8E47-E978953192DA}.Debug|x86.Build.0 = Debug|Win32
		{6571C966-4104-499F-8E47-E978953192DA}.Release|x64.ActiveCfg = Release|x64
		{6571C966-4104-499F-8E47-E978953192DA}.Release|x64.Build.0 = Release|x64
		{6571C966-4104-499F-8E47-E978953192DA}.Release|x86.ActiveCfg = Release|Win32
		{6571C966-4104-499F-8E47-E978953192DA}.Release|x86.Build.0 = Release|Win32
	EndGlobalSection
	GlobalSection(SolutionProperties) = preSolution
		HideSolutionNode = FALSE
	EndGlobalSection
	GlobalSection(NestedProjects) = preSolution
		{2DFF65FA-9DC2-4D94-969E-38FF1058E11C} = {F7158D77-A734-4D23-B3EB-B9546EFE1AB8}
		{10D07CF3-1C87-4048-9FBF-BFEB4FC146DF} = {F7158D77-A734-4D23-B3EB-B9546EFE1AB8}
		{0246EB0C-C269-4563-B2B3-FE19D28AE1B9} = {F7158D77-A734-4D23-B3EB-B9546EFE1AB8}
		{7254BCC6-EB7D-4C97-A653-25D4714849CF} = {F7158D77-A734-4D23-B3EB-B9546EFE1AB8}
		{DC8AE0A5-06B1-41BD-A5E2-90A775F0C4D6} = {F7158D77-A734-4D23-B3EB-B9546EFE1AB8}
		{7F8C7A61-1921-443E-9017-19DBB63D8813} = {F7158D77-A734-4D23-B3EB-B9546EFE1AB8}
		{27F6B5CA-D0AB-413E-BB17-6CE4BEB49E53} = {F7158D77-A734-4D23-B3EB-B9546EFE1AB8}
		{EBA6CBC9-014A-466C-A16A-8E350D570A25} = {F7158D77-A734-4D23-B3EB-B9546EFE1AB8}
		{6FAB96F7-6AF5-4FF5-AE28-FB7258C69E57} = {F7158D77-A734-4D23-B3EB-B9546EFE1AB8}
		{5E02AC14-59D1-4700-A8E0-9058B84E75FE} = {F7158D77-A734-4D23-B3EB-B9546EFE1AB8}
		{5559FB16-601B-4290-8B11-8C44F04CB985} = {F7158D77-A734-4D23-B3EB-B9546EFE1AB8}
		{DE694C83-86EB-4378-973F-26FBAD25ACF2} = {F7158D77-A734-4D23-B3EB-B9546EFE1AB8}
		{817D230A-A43C-43D1-8411-FE5FBCAD16BA} = {91FE7D3C-D7B4-42BA-9BED-353CC52FA84F}
	EndGlobalSection
	GlobalSection(ExtensibilityGlobals) = postSolution
		SolutionGuid = {3174EA3C-895C-4EB0-B4E6-24AAFC912301}
	EndGlobalSection
EndGlobal
